// !$*UTF8*$!
{
	archiveVersion = 1;
	classes = {
	};
	objectVersion = 46;
	objects = {

/* Begin PBXBuildFile section */
		F57AC7E01BE41CC600D7F437 /* main.m in Sources */ = {isa = PBXBuildFile; fileRef = F57AC7DF1BE41CC600D7F437 /* main.m */; };
		F57AC7E31BE41CC600D7F437 /* AppDelegate.m in Sources */ = {isa = PBXBuildFile; fileRef = F57AC7E21BE41CC600D7F437 /* AppDelegate.m */; };
		F57AC7E61BE41CC600D7F437 /* ViewController.m in Sources */ = {isa = PBXBuildFile; fileRef = F57AC7E51BE41CC600D7F437 /* ViewController.m */; };
		F57AC7E91BE41CC600D7F437 /* Main.storyboard in Resources */ = {isa = PBXBuildFile; fileRef = F57AC7E71BE41CC600D7F437 /* Main.storyboard */; };
		F57AC7EB1BE41CC600D7F437 /* Assets.xcassets in Resources */ = {isa = PBXBuildFile; fileRef = F57AC7EA1BE41CC600D7F437 /* Assets.xcassets */; };
		F57AC7EE1BE41CC600D7F437 /* LaunchScreen.storyboard in Resources */ = {isa = PBXBuildFile; fileRef = F57AC7EC1BE41CC600D7F437 /* LaunchScreen.storyboard */; };
		F57AC7F91BE41CC700D7F437 /* A_FPromotionsTests.m in Sources */ = {isa = PBXBuildFile; fileRef = F57AC7F81BE41CC700D7F437 /* A_FPromotionsTests.m */; };
		F57AC8041BE41CC700D7F437 /* A_FPromotionsUITests.m in Sources */ = {isa = PBXBuildFile; fileRef = F57AC8031BE41CC700D7F437 /* A_FPromotionsUITests.m */; };
/* End PBXBuildFile section */

/* Begin PBXContainerItemProxy section */
		F57AC7F51BE41CC700D7F437 /* PBXContainerItemProxy */ = {
			isa = PBXContainerItemProxy;
			containerPortal = F57AC7D31BE41CC500D7F437 /* Project object */;
			proxyType = 1;
			remoteGlobalIDString = F57AC7DA1BE41CC600D7F437;
			remoteInfo = "A&FPromotions";
		};
		F57AC8001BE41CC700D7F437 /* PBXContainerItemProxy */ = {
			isa = PBXContainerItemProxy;
			containerPortal = F57AC7D31BE41CC500D7F437 /* Project object */;
			proxyType = 1;
			remoteGlobalIDString = F57AC7DA1BE41CC600D7F437;
			remoteInfo = "A&FPromotions";
		};
/* End PBXContainerItemProxy section */

/* Begin PBXFileReference section */
		F57AC7DB1BE41CC600D7F437 /* A&FPromotions.app */ = {isa = PBXFileReference; explicitFileType = wrapper.application; includeInIndex = 0; path = "A&FPromotions.app"; sourceTree = BUILT_PRODUCTS_DIR; };
		F57AC7DF1BE41CC600D7F437 /* main.m */ = {isa = PBXFileReference; lastKnownFileType = sourcecode.c.objc; path = main.m; sourceTree = "<group>"; };
		F57AC7E11BE41CC600D7F437 /* AppDelegate.h */ = {isa = PBXFileReference; lastKnownFileType = sourcecode.c.h; path = AppDelegate.h; sourceTree = "<group>"; };
		F57AC7E21BE41CC600D7F437 /* AppDelegate.m */ = {isa = PBXFileReference; lastKnownFileType = sourcecode.c.objc; path = AppDelegate.m; sourceTree = "<group>"; };
		F57AC7E41BE41CC600D7F437 /* ViewController.h */ = {isa = PBXFileReference; lastKnownFileType = sourcecode.c.h; path = ViewController.h; sourceTree = "<group>"; };
		F57AC7E51BE41CC600D7F437 /* ViewController.m */ = {isa = PBXFileReference; lastKnownFileType = sourcecode.c.objc; path = ViewController.m; sourceTree = "<group>"; };
		F57AC7E81BE41CC600D7F437 /* Base */ = {isa = PBXFileReference; lastKnownFileType = file.storyboard; name = Base; path = Base.lproj/Main.storyboard; sourceTree = "<group>"; };
		F57AC7EA1BE41CC600D7F437 /* Assets.xcassets */ = {isa = PBXFileReference; lastKnownFileType = folder.assetcatalog; path = Assets.xcassets; sourceTree = "<group>"; };
		F57AC7ED1BE41CC600D7F437 /* Base */ = {isa = PBXFileReference; lastKnownFileType = file.storyboard; name = Base; path = Base.lproj/LaunchScreen.storyboard; sourceTree = "<group>"; };
		F57AC7EF1BE41CC600D7F437 /* Info.plist */ = {isa = PBXFileReference; lastKnownFileType = text.plist.xml; path = Info.plist; sourceTree = "<group>"; };
		F57AC7F41BE41CC700D7F437 /* A&FPromotionsTests.xctest */ = {isa = PBXFileReference; explicitFileType = wrapper.cfbundle; includeInIndex = 0; path = "A&FPromotionsTests.xctest"; sourceTree = BUILT_PRODUCTS_DIR; };
		F57AC7F81BE41CC700D7F437 /* A_FPromotionsTests.m */ = {isa = PBXFileReference; lastKnownFileType = sourcecode.c.objc; path = A_FPromotionsTests.m; sourceTree = "<group>"; };
		F57AC7FA1BE41CC700D7F437 /* Info.plist */ = {isa = PBXFileReference; lastKnownFileType = text.plist.xml; path = Info.plist; sourceTree = "<group>"; };
		F57AC7FF1BE41CC700D7F437 /* A&FPromotionsUITests.xctest */ = {isa = PBXFileReference; explicitFileType = wrapper.cfbundle; includeInIndex = 0; path = "A&FPromotionsUITests.xctest"; sourceTree = BUILT_PRODUCTS_DIR; };
		F57AC8031BE41CC700D7F437 /* A_FPromotionsUITests.m */ = {isa = PBXFileReference; lastKnownFileType = sourcecode.c.objc; path = A_FPromotionsUITests.m; sourceTree = "<group>"; };
		F57AC8051BE41CC700D7F437 /* Info.plist */ = {isa = PBXFileReference; lastKnownFileType = text.plist.xml; path = Info.plist; sourceTree = "<group>"; };
/* End PBXFileReference section */

/* Begin PBXFrameworksBuildPhase section */
		F57AC7D81BE41CC600D7F437 /* Frameworks */ = {
			isa = PBXFrameworksBuildPhase;
			buildActionMask = 2147483647;
			files = (
			);
			runOnlyForDeploymentPostprocessing = 0;
		};
		F57AC7F11BE41CC700D7F437 /* Frameworks */ = {
			isa = PBXFrameworksBuildPhase;
			buildActionMask = 2147483647;
			files = (
			);
			runOnlyForDeploymentPostprocessing = 0;
		};
		F57AC7FC1BE41CC700D7F437 /* Frameworks */ = {
			isa = PBXFrameworksBuildPhase;
			buildActionMask = 2147483647;
			files = (
			);
			runOnlyForDeploymentPostprocessing = 0;
		};
/* End PBXFrameworksBuildPhase section */

/* Begin PBXGroup section */
		F57AC7D21BE41CC500D7F437 = {
			isa = PBXGroup;
			children = (
				F57AC7DD1BE41CC600D7F437 /* A&FPromotions */,
				F57AC7F71BE41CC700D7F437 /* A&FPromotionsTests */,
				F57AC8021BE41CC700D7F437 /* A&FPromotionsUITests */,
				F57AC7DC1BE41CC600D7F437 /* Products */,
			);
			sourceTree = "<group>";
		};
		F57AC7DC1BE41CC600D7F437 /* Products */ = {
			isa = PBXGroup;
			children = (
				F57AC7DB1BE41CC600D7F437 /* A&FPromotions.app */,
				F57AC7F41BE41CC700D7F437 /* A&FPromotionsTests.xctest */,
				F57AC7FF1BE41CC700D7F437 /* A&FPromotionsUITests.xctest */,
			);
			name = Products;
			sourceTree = "<group>";
		};
		F57AC7DD1BE41CC600D7F437 /* A&FPromotions */ = {
			isa = PBXGroup;
			children = (
				F57AC7E11BE41CC600D7F437 /* AppDelegate.h */,
				F57AC7E21BE41CC600D7F437 /* AppDelegate.m */,
				F57AC7E41BE41CC600D7F437 /* ViewController.h */,
				F57AC7E51BE41CC600D7F437 /* ViewController.m */,
				F57AC7E71BE41CC600D7F437 /* Main.storyboard */,
				F57AC7EA1BE41CC600D7F437 /* Assets.xcassets */,
				F57AC7EC1BE41CC600D7F437 /* LaunchScreen.storyboard */,
				F57AC7EF1BE41CC600D7F437 /* Info.plist */,
				F57AC7DE1BE41CC600D7F437 /* Supporting Files */,
			);
			path = "A&FPromotions";
			sourceTree = "<group>";
		};
		F57AC7DE1BE41CC600D7F437 /* Supporting Files */ = {
			isa = PBXGroup;
			children = (
				F57AC7DF1BE41CC600D7F437 /* main.m */,
			);
			name = "Supporting Files";
			sourceTree = "<group>";
		};
		F57AC7F71BE41CC700D7F437 /* A&FPromotionsTests */ = {
			isa = PBXGroup;
			children = (
				F57AC7F81BE41CC700D7F437 /* A_FPromotionsTests.m */,
				F57AC7FA1BE41CC700D7F437 /* Info.plist */,
			);
			path = "A&FPromotionsTests";
			sourceTree = "<group>";
		};
		F57AC8021BE41CC700D7F437 /* A&FPromotionsUITests */ = {
			isa = PBXGroup;
			children = (
				F57AC8031BE41CC700D7F437 /* A_FPromotionsUITests.m */,
				F57AC8051BE41CC700D7F437 /* Info.plist */,
			);
			path = "A&FPromotionsUITests";
			sourceTree = "<group>";
		};
/* End PBXGroup section */

/* Begin PBXNativeTarget section */
		F57AC7DA1BE41CC600D7F437 /* A&FPromotions */ = {
			isa = PBXNativeTarget;
			buildConfigurationList = F57AC8081BE41CC700D7F437 /* Build configuration list for PBXNativeTarget "A&FPromotions" */;
			buildPhases = (
				F57AC7D71BE41CC600D7F437 /* Sources */,
				F57AC7D81BE41CC600D7F437 /* Frameworks */,
				F57AC7D91BE41CC600D7F437 /* Resources */,
			);
			buildRules = (
			);
			dependencies = (
			);
			name = "A&FPromotions";
			productName = "A&FPromotions";
			productReference = F57AC7DB1BE41CC600D7F437 /* A&FPromotions.app */;
			productType = "com.apple.product-type.application";
		};
		F57AC7F31BE41CC700D7F437 /* A&FPromotionsTests */ = {
			isa = PBXNativeTarget;
			buildConfigurationList = F57AC80B1BE41CC700D7F437 /* Build configuration list for PBXNativeTarget "A&FPromotionsTests" */;
			buildPhases = (
				F57AC7F01BE41CC700D7F437 /* Sources */,
				F57AC7F11BE41CC700D7F437 /* Frameworks */,
				F57AC7F21BE41CC700D7F437 /* Resources */,
			);
			buildRules = (
			);
			dependencies = (
				F57AC7F61BE41CC700D7F437 /* PBXTargetDependency */,
			);
			name = "A&FPromotionsTests";
			productName = "A&FPromotionsTests";
			productReference = F57AC7F41BE41CC700D7F437 /* A&FPromotionsTests.xctest */;
			productType = "com.apple.product-type.bundle.unit-test";
		};
		F57AC7FE1BE41CC700D7F437 /* A&FPromotionsUITests */ = {
			isa = PBXNativeTarget;
			buildConfigurationList = F57AC80E1BE41CC700D7F437 /* Build configuration list for PBXNativeTarget "A&FPromotionsUITests" */;
			buildPhases = (
				F57AC7FB1BE41CC700D7F437 /* Sources */,
				F57AC7FC1BE41CC700D7F437 /* Frameworks */,
				F57AC7FD1BE41CC700D7F437 /* Resources */,
			);
			buildRules = (
			);
			dependencies = (
				F57AC8011BE41CC700D7F437 /* PBXTargetDependency */,
			);
			name = "A&FPromotionsUITests";
			productName = "A&FPromotionsUITests";
			productReference = F57AC7FF1BE41CC700D7F437 /* A&FPromotionsUITests.xctest */;
			productType = "com.apple.product-type.bundle.ui-testing";
		};
/* End PBXNativeTarget section */

/* Begin PBXProject section */
		F57AC7D31BE41CC500D7F437 /* Project object */ = {
			isa = PBXProject;
			attributes = {
				LastUpgradeCheck = 0700;
				ORGANIZATIONNAME = Shilpa;
				TargetAttributes = {
					F57AC7DA1BE41CC600D7F437 = {
						CreatedOnToolsVersion = 7.0.1;
					};
					F57AC7F31BE41CC700D7F437 = {
						CreatedOnToolsVersion = 7.0.1;
						TestTargetID = F57AC7DA1BE41CC600D7F437;
					};
					F57AC7FE1BE41CC700D7F437 = {
						CreatedOnToolsVersion = 7.0.1;
						TestTargetID = F57AC7DA1BE41CC600D7F437;
					};
				};
			};
			buildConfigurationList = F57AC7D61BE41CC600D7F437 /* Build configuration list for PBXProject "A&FPromotions" */;
			compatibilityVersion = "Xcode 3.2";
			developmentRegion = English;
			hasScannedForEncodings = 0;
			knownRegions = (
				en,
				Base,
			);
			mainGroup = F57AC7D21BE41CC500D7F437;
			productRefGroup = F57AC7DC1BE41CC600D7F437 /* Products */;
			projectDirPath = "";
			projectRoot = "";
			targets = (
				F57AC7DA1BE41CC600D7F437 /* A&FPromotions */,
				F57AC7F31BE41CC700D7F437 /* A&FPromotionsTests */,
				F57AC7FE1BE41CC700D7F437 /* A&FPromotionsUITests */,
			);
		};
/* End PBXProject section */

/* Begin PBXResourcesBuildPhase section */
		F57AC7D91BE41CC600D7F437 /* Resources */ = {
			isa = PBXResourcesBuildPhase;
			buildActionMask = 2147483647;
			files = (
				F57AC7EE1BE41CC600D7F437 /* LaunchScreen.storyboard in Resources */,
				F57AC7EB1BE41CC600D7F437 /* Assets.xcassets in Resources */,
				F57AC7E91BE41CC600D7F437 /* Main.storyboard in Resources */,
			);
			runOnlyForDeploymentPostprocessing = 0;
		};
		F57AC7F21BE41CC700D7F437 /* Resources */ = {
			isa = PBXResourcesBuildPhase;
			buildActionMask = 2147483647;
			files = (
			);
			runOnlyForDeploymentPostprocessing = 0;
		};
		F57AC7FD1BE41CC700D7F437 /* Resources */ = {
			isa = PBXResourcesBuildPhase;
			buildActionMask = 2147483647;
			files = (
			);
			runOnlyForDeploymentPostprocessing = 0;
		};
/* End PBXResourcesBuildPhase section */

/* Begin PBXSourcesBuildPhase section */
		F57AC7D71BE41CC600D7F437 /* Sources */ = {
			isa = PBXSourcesBuildPhase;
			buildActionMask = 2147483647;
			files = (
				F57AC7E61BE41CC600D7F437 /* ViewController.m in Sources */,
				F57AC7E31BE41CC600D7F437 /* AppDelegate.m in Sources */,
				F57AC7E01BE41CC600D7F437 /* main.m in Sources */,
			);
			runOnlyForDeploymentPostprocessing = 0;
		};
		F57AC7F01BE41CC700D7F437 /* Sources */ = {
			isa = PBXSourcesBuildPhase;
			buildActionMask = 2147483647;
			files = (
				F57AC7F91BE41CC700D7F437 /* A_FPromotionsTests.m in Sources */,
			);
			runOnlyForDeploymentPostprocessing = 0;
		};
		F57AC7FB1BE41CC700D7F437 /* Sources */ = {
			isa = PBXSourcesBuildPhase;
			buildActionMask = 2147483647;
			files = (
				F57AC8041BE41CC700D7F437 /* A_FPromotionsUITests.m in Sources */,
			);
			runOnlyForDeploymentPostprocessing = 0;
		};
/* End PBXSourcesBuildPhase section */

/* Begin PBXTargetDependency section */
		F57AC7F61BE41CC700D7F437 /* PBXTargetDependency */ = {
			isa = PBXTargetDependency;
			target = F57AC7DA1BE41CC600D7F437 /* A&FPromotions */;
			targetProxy = F57AC7F51BE41CC700D7F437 /* PBXContainerItemProxy */;
		};
		F57AC8011BE41CC700D7F437 /* PBXTargetDependency */ = {
			isa = PBXTargetDependency;
			target = F57AC7DA1BE41CC600D7F437 /* A&FPromotions */;
			targetProxy = F57AC8001BE41CC700D7F437 /* PBXContainerItemProxy */;
		};
/* End PBXTargetDependency section */

/* Begin PBXVariantGroup section */
		F57AC7E71BE41CC600D7F437 /* Main.storyboard */ = {
			isa = PBXVariantGroup;
			children = (
				F57AC7E81BE41CC600D7F437 /* Base */,
			);
			name = Main.storyboard;
			sourceTree = "<group>";
		};
		F57AC7EC1BE41CC600D7F437 /* LaunchScreen.storyboard */ = {
			isa = PBXVariantGroup;
			children = (
				F57AC7ED1BE41CC600D7F437 /* Base */,
			);
			name = LaunchScreen.storyboard;
			sourceTree = "<group>";
		};
/* End PBXVariantGroup section */

/* Begin XCBuildConfiguration section */
		F57AC8061BE41CC700D7F437 /* Debug */ = {
			isa = XCBuildConfiguration;
			buildSettings = {
				ALWAYS_SEARCH_USER_PATHS = NO;
				CLANG_CXX_LANGUAGE_STANDARD = "gnu++0x";
				CLANG_CXX_LIBRARY = "libc++";
				CLANG_ENABLE_MODULES = YES;
				CLANG_ENABLE_OBJC_ARC = YES;
				CLANG_WARN_BOOL_CONVERSION = YES;
				CLANG_WARN_CONSTANT_CONVERSION = YES;
				CLANG_WARN_DIRECT_OBJC_ISA_USAGE = YES_ERROR;
				CLANG_WARN_EMPTY_BODY = YES;
				CLANG_WARN_ENUM_CONVERSION = YES;
				CLANG_WARN_INT_CONVERSION = YES;
				CLANG_WARN_OBJC_ROOT_CLASS = YES_ERROR;
				CLANG_WARN_UNREACHABLE_CODE = YES;
				CLANG_WARN__DUPLICATE_METHOD_MATCH = YES;
				"CODE_SIGN_IDENTITY[sdk=iphoneos*]" = "iPhone Developer";
				COPY_PHASE_STRIP = NO;
				DEBUG_INFORMATION_FORMAT = dwarf;
				ENABLE_STRICT_OBJC_MSGSEND = YES;
				ENABLE_TESTABILITY = YES;
				GCC_C_LANGUAGE_STANDARD = gnu99;
				GCC_DYNAMIC_NO_PIC = NO;
				GCC_NO_COMMON_BLOCKS = YES;
				GCC_OPTIMIZATION_LEVEL = 0;
				GCC_PREPROCESSOR_DEFINITIONS = (
					"DEBUG=1",
					"$(inherited)",
				);
				GCC_WARN_64_TO_32_BIT_CONVERSION = YES;
				GCC_WARN_ABOUT_RETURN_TYPE = YES_ERROR;
				GCC_WARN_UNDECLARED_SELECTOR = YES;
				GCC_WARN_UNINITIALIZED_AUTOS = YES_AGGRESSIVE;
				GCC_WARN_UNUSED_FUNCTION = YES;
				GCC_WARN_UNUSED_VARIABLE = YES;
				IPHONEOS_DEPLOYMENT_TARGET = 9.0;
				MTL_ENABLE_DEBUG_INFO = YES;
				ONLY_ACTIVE_ARCH = YES;
				SDKROOT = iphoneos;
			};
			name = Debug;
		};
		F57AC8071BE41CC700D7F437 /* Release */ = {
			isa = XCBuildConfiguration;
			buildSettings = {
				ALWAYS_SEARCH_USER_PATHS = NO;
				CLANG_CXX_LANGUAGE_STANDARD = "gnu++0x";
				CLANG_CXX_LIBRARY = "libc++";
				CLANG_ENABLE_MODULES = YES;
				CLANG_ENABLE_OBJC_ARC = YES;
				CLANG_WARN_BOOL_CONVERSION = YES;
				CLANG_WARN_CONSTANT_CONVERSION = YES;
				CLANG_WARN_DIRECT_OBJC_ISA_USAGE = YES_ERROR;
				CLANG_WARN_EMPTY_BODY = YES;
				CLANG_WARN_ENUM_CONVERSION = YES;
				CLANG_WARN_INT_CONVERSION = YES;
				CLANG_WARN_OBJC_ROOT_CLASS = YES_ERROR;
				CLANG_WARN_UNREACHABLE_CODE = YES;
				CLANG_WARN__DUPLICATE_METHOD_MATCH = YES;
				"CODE_SIGN_IDENTITY[sdk=iphoneos*]" = "iPhone Developer";
				COPY_PHASE_STRIP = NO;
				DEBUG_INFORMATION_FORMAT = "dwarf-with-dsym";
				ENABLE_NS_ASSERTIONS = NO;
				ENABLE_STRICT_OBJC_MSGSEND = YES;
				GCC_C_LANGUAGE_STANDARD = gnu99;
				GCC_NO_COMMON_BLOCKS = YES;
				GCC_WARN_64_TO_32_BIT_CONVERSION = YES;
				GCC_WARN_ABOUT_RETURN_TYPE = YES_ERROR;
				GCC_WARN_UNDECLARED_SELECTOR = YES;
				GCC_WARN_UNINITIALIZED_AUTOS = YES_AGGRESSIVE;
				GCC_WARN_UNUSED_FUNCTION = YES;
				GCC_WARN_UNUSED_VARIABLE = YES;
				IPHONEOS_DEPLOYMENT_TARGET = 9.0;
				MTL_ENABLE_DEBUG_INFO = NO;
				SDKROOT = iphoneos;
				VALIDATE_PRODUCT = YES;
			};
			name = Release;
		};
		F57AC8091BE41CC700D7F437 /* Debug */ = {
			isa = XCBuildConfiguration;
			buildSettings = {
				ASSETCATALOG_COMPILER_APPICON_NAME = AppIcon;
				INFOPLIST_FILE = "A&FPromotions/Info.plist";
				LD_RUNPATH_SEARCH_PATHS = "$(inherited) @executable_path/Frameworks";
				PRODUCT_BUNDLE_IDENTIFIER = "com.shilpz.A-FPromotions";
				PRODUCT_NAME = "$(TARGET_NAME)";
			};
			name = Debug;
		};
		F57AC80A1BE41CC700D7F437 /* Release */ = {
			isa = XCBuildConfiguration;
			buildSettings = {
				ASSETCATALOG_COMPILER_APPICON_NAME = AppIcon;
				INFOPLIST_FILE = "A&FPromotions/Info.plist";
				LD_RUNPATH_SEARCH_PATHS = "$(inherited) @executable_path/Frameworks";
				PRODUCT_BUNDLE_IDENTIFIER = "com.shilpz.A-FPromotions";
				PRODUCT_NAME = "$(TARGET_NAME)";
			};
			name = Release;
		};
		F57AC80C1BE41CC700D7F437 /* Debug */ = {
			isa = XCBuildConfiguration;
			buildSettings = {
				BUNDLE_LOADER = "$(TEST_HOST)";
				INFOPLIST_FILE = "A&FPromotionsTests/Info.plist";
				LD_RUNPATH_SEARCH_PATHS = "$(inherited) @executable_path/Frameworks @loader_path/Frameworks";
				PRODUCT_BUNDLE_IDENTIFIER = "com.shilpz.A-FPromotionsTests";
				PRODUCT_NAME = "$(TARGET_NAME)";
				TEST_HOST = "$(BUILT_PRODUCTS_DIR)/A&FPromotions.app/A&FPromotions";
			};
			name = Debug;
		};
		F57AC80D1BE41CC700D7F437 /* Release */ = {
			isa = XCBuildConfiguration;
			buildSettings = {
				BUNDLE_LOADER = "$(TEST_HOST)";
				INFOPLIST_FILE = "A&FPromotionsTests/Info.plist";
				LD_RUNPATH_SEARCH_PATHS = "$(inherited) @executable_path/Frameworks @loader_path/Frameworks";
				PRODUCT_BUNDLE_IDENTIFIER = "com.shilpz.A-FPromotionsTests";
				PRODUCT_NAME = "$(TARGET_NAME)";
				TEST_HOST = "$(BUILT_PRODUCTS_DIR)/A&FPromotions.app/A&FPromotions";
			};
			name = Release;
		};
		F57AC80F1BE41CC700D7F437 /* Debug */ = {
			isa = XCBuildConfiguration;
			buildSettings = {
				INFOPLIST_FILE = "A&FPromotionsUITests/Info.plist";
				LD_RUNPATH_SEARCH_PATHS = "$(inherited) @executable_path/Frameworks @loader_path/Frameworks";
				PRODUCT_BUNDLE_IDENTIFIER = "com.shilpz.A-FPromotionsUITests";
				PRODUCT_NAME = "$(TARGET_NAME)";
				TEST_TARGET_NAME = "A&FPromotions";
				USES_XCTRUNNER = YES;
			};
			name = Debug;
		};
		F57AC8101BE41CC700D7F437 /* Release */ = {
			isa = XCBuildConfiguration;
			buildSettings = {
				INFOPLIST_FILE = "A&FPromotionsUITests/Info.plist";
				LD_RUNPATH_SEARCH_PATHS = "$(inherited) @executable_path/Frameworks @loader_path/Frameworks";
				PRODUCT_BUNDLE_IDENTIFIER = "com.shilpz.A-FPromotionsUITests";
				PRODUCT_NAME = "$(TARGET_NAME)";
				TEST_TARGET_NAME = "A&FPromotions";
				USES_XCTRUNNER = YES;
			};
			name = Release;
		};
/* End XCBuildConfiguration section */

/* Begin XCConfigurationList section */
		F57AC7D61BE41CC600D7F437 /* Build configuration list for PBXProject "A&FPromotions" */ = {
			isa = XCConfigurationList;
			buildConfigurations = (
				F57AC8061BE41CC700D7F437 /* Debug */,
				F57AC8071BE41CC700D7F437 /* Release */,
			);
			defaultConfigurationIsVisible = 0;
			defaultConfigurationName = Release;
		};
		F57AC8081BE41CC700D7F437 /* Build configuration list for PBXNativeTarget "A&FPromotions" */ = {
			isa = XCConfigurationList;
			buildConfigurations = (
				F57AC8091BE41CC700D7F437 /* Debug */,
				F57AC80A1BE41CC700D7F437 /* Release */,
			);
			defaultConfigurationIsVisible = 0;
		};
		F57AC80B1BE41CC700D7F437 /* Build configuration list for PBXNativeTarget "A&FPromotionsTests" */ = {
			isa = XCConfigurationList;
			buildConfigurations = (
				F57AC80C1BE41CC700D7F437 /* Debug */,
				F57AC80D1BE41CC700D7F437 /* Release */,
			);
			defaultConfigurationIsVisible = 0;
		};
		F57AC80E1BE41CC700D7F437 /* Build configuration list for PBXNativeTarget "A&FPromotionsUITests" */ = {
			isa = XCConfigurationList;
			buildConfigurations = (
				F57AC80F1BE41CC700D7F437 /* Debug */,
				F57AC8101BE41CC700D7F437 /* Release */,
			);
			defaultConfigurationIsVisible = 0;
		};
/* End XCConfigurationList section */
	};
	rootObject = F57AC7D31BE41CC500D7F437 /* Project object */;
}
